{
	"name": "enmity",
	"version": "2.1.2",
	"lockfileVersion": 2,
	"requires": true,
	"packages": {
		"": {
			"name": "enmity",
			"version": "2.1.2",
			"license": "GPL-3.0",
			"dependencies": {
				"enmity": "^1.2.4",
				"react": "^18.2.0"
			},
			"devDependencies": {
				"@rollup/plugin-node-resolve": "^15.2.3",
				"@rollup/plugin-replace": "^5.0.5",
				"@swc/core": "^1.4.1",
				"@types/node": "^20.11.17",
				"@types/react": "^18.2.55",
				"rollup": "^4.11.0",
				"rollup-plugin-swc3": "^0.11.0",
				"rollup-plugin-typescript-paths": "^1.5.0",
				"typescript": "^5.3.3"
			}
		},
		"node_modules/@fastify/deepmerge": {
			"version": "1.3.0",
			"resolved": "https://registry.npmjs.org/@fastify/deepmerge/-/deepmerge-1.3.0.tgz",
			"integrity": "sha512-J8TOSBq3SoZbDhM9+R/u77hP93gz/rajSA+K2kGyijPpORPWUXHUpTaleoj+92As0S9uPRP7Oi8IqMf0u+ro6A==",
			"dev": true
		},
		"node_modules/@jridgewell/sourcemap-codec": {
			"version": "1.4.15",
			"resolved": "https://registry.npmjs.org/@jridgewell/sourcemap-codec/-/sourcemap-codec-1.4.15.tgz",
			"integrity": "sha512-eF2rxCRulEKXHTRiDrDy6erMYWqNw4LPdQ8UQA4huuxaQsVeRPFl2oM8oDGxMFhJUWZf9McpLtJasDDZb/Bpeg==",
			"dev": true
		},
		"node_modules/@rollup/plugin-node-resolve": {
			"version": "15.2.3",
			"resolved": "https://registry.npmjs.org/@rollup/plugin-node-resolve/-/plugin-node-resolve-15.2.3.tgz",
			"integrity": "sha512-j/lym8nf5E21LwBT4Df1VD6hRO2L2iwUeUmP7litikRsVp1H6NWx20NEp0Y7su+7XGc476GnXXc4kFeZNGmaSQ==",
			"dev": true,
			"dependencies": {
				"@rollup/pluginutils": "^5.0.1",
				"@types/resolve": "1.20.2",
				"deepmerge": "^4.2.2",
				"is-builtin-module": "^3.2.1",
				"is-module": "^1.0.0",
				"resolve": "^1.22.1"
			},
			"engines": {
				"node": ">=14.0.0"
			},
			"peerDependencies": {
				"rollup": "^2.78.0||^3.0.0||^4.0.0"
			},
			"peerDependenciesMeta": {
				"rollup": {
					"optional": true
				}
			}
		},
		"node_modules/@rollup/plugin-replace": {
			"version": "5.0.5",
			"resolved": "https://registry.npmjs.org/@rollup/plugin-replace/-/plugin-replace-5.0.5.tgz",
			"integrity": "sha512-rYO4fOi8lMaTg/z5Jb+hKnrHHVn8j2lwkqwyS4kTRhKyWOLf2wST2sWXr4WzWiTcoHTp2sTjqUbqIj2E39slKQ==",
			"dev": true,
			"dependencies": {
				"@rollup/pluginutils": "^5.0.1",
				"magic-string": "^0.30.3"
			},
			"engines": {
				"node": ">=14.0.0"
			},
			"peerDependencies": {
				"rollup": "^1.20.0||^2.0.0||^3.0.0||^4.0.0"
			},
			"peerDependenciesMeta": {
				"rollup": {
					"optional": true
				}
			}
		},
		"node_modules/@rollup/pluginutils": {
			"version": "5.1.0",
			"resolved": "https://registry.npmjs.org/@rollup/pluginutils/-/pluginutils-5.1.0.tgz",
			"integrity": "sha512-XTIWOPPcpvyKI6L1NHo0lFlCyznUEyPmPY1mc3KpPVDYulHSTvyeLNVW00QTLIAFNhR3kYnJTQHeGqU4M3n09g==",
			"dev": true,
			"dependencies": {
				"@types/estree": "^1.0.0",
				"estree-walker": "^2.0.2",
				"picomatch": "^2.3.1"
			},
			"engines": {
				"node": ">=14.0.0"
			},
			"peerDependencies": {
				"rollup": "^1.20.0||^2.0.0||^3.0.0||^4.0.0"
			},
			"peerDependenciesMeta": {
				"rollup": {
					"optional": true
				}
			}
		},
		"node_modules/@rollup/rollup-android-arm-eabi": {
			"version": "4.12.0",
			"resolved": "https://registry.npmjs.org/@rollup/rollup-android-arm-eabi/-/rollup-android-arm-eabi-4.12.0.tgz",
			"integrity": "sha512-+ac02NL/2TCKRrJu2wffk1kZ+RyqxVUlbjSagNgPm94frxtr+XDL12E5Ll1enWskLrtrZ2r8L3wED1orIibV/w==",
			"cpu": [
				"arm"
			],
			"dev": true,
			"optional": true,
			"os": [
				"android"
			]
		},
		"node_modules/@rollup/rollup-android-arm64": {
			"version": "4.12.0",
			"resolved": "https://registry.npmjs.org/@rollup/rollup-android-arm64/-/rollup-android-arm64-4.12.0.tgz",
			"integrity": "sha512-OBqcX2BMe6nvjQ0Nyp7cC90cnumt8PXmO7Dp3gfAju/6YwG0Tj74z1vKrfRz7qAv23nBcYM8BCbhrsWqO7PzQQ==",
			"cpu": [
				"arm64"
			],
			"dev": true,
			"optional": true,
			"os": [
				"android"
			]
		},
		"node_modules/@rollup/rollup-darwin-arm64": {
			"version": "4.12.0",
			"resolved": "https://registry.npmjs.org/@rollup/rollup-darwin-arm64/-/rollup-darwin-arm64-4.12.0.tgz",
			"integrity": "sha512-X64tZd8dRE/QTrBIEs63kaOBG0b5GVEd3ccoLtyf6IdXtHdh8h+I56C2yC3PtC9Ucnv0CpNFJLqKFVgCYe0lOQ==",
			"cpu": [
				"arm64"
			],
			"dev": true,
			"optional": true,
			"os": [
				"darwin"
			]
		},
		"node_modules/@rollup/rollup-darwin-x64": {
			"version": "4.12.0",
			"resolved": "https://registry.npmjs.org/@rollup/rollup-darwin-x64/-/rollup-darwin-x64-4.12.0.tgz",
			"integrity": "sha512-cc71KUZoVbUJmGP2cOuiZ9HSOP14AzBAThn3OU+9LcA1+IUqswJyR1cAJj3Mg55HbjZP6OLAIscbQsQLrpgTOg==",
			"cpu": [
				"x64"
			],
			"dev": true,
			"optional": true,
			"os": [
				"darwin"
			]
		},
		"node_modules/@rollup/rollup-linux-arm-gnueabihf": {
			"version": "4.12.0",
			"resolved": "https://registry.npmjs.org/@rollup/rollup-linux-arm-gnueabihf/-/rollup-linux-arm-gnueabihf-4.12.0.tgz",
			"integrity": "sha512-a6w/Y3hyyO6GlpKL2xJ4IOh/7d+APaqLYdMf86xnczU3nurFTaVN9s9jOXQg97BE4nYm/7Ga51rjec5nfRdrvA==",
			"cpu": [
				"arm"
			],
			"dev": true,
			"optional": true,
			"os": [
				"linux"
			]
		},
		"node_modules/@rollup/rollup-linux-arm64-gnu": {
			"version": "4.12.0",
			"resolved": "https://registry.npmjs.org/@rollup/rollup-linux-arm64-gnu/-/rollup-linux-arm64-gnu-4.12.0.tgz",
			"integrity": "sha512-0fZBq27b+D7Ar5CQMofVN8sggOVhEtzFUwOwPppQt0k+VR+7UHMZZY4y+64WJ06XOhBTKXtQB/Sv0NwQMXyNAA==",
			"cpu": [
				"arm64"
			],
			"dev": true,
			"optional": true,
			"os": [
				"linux"
			]
		},
		"node_modules/@rollup/rollup-linux-arm64-musl": {
			"version": "4.12.0",
			"resolved": "https://registry.npmjs.org/@rollup/rollup-linux-arm64-musl/-/rollup-linux-arm64-musl-4.12.0.tgz",
			"integrity": "sha512-eTvzUS3hhhlgeAv6bfigekzWZjaEX9xP9HhxB0Dvrdbkk5w/b+1Sxct2ZuDxNJKzsRStSq1EaEkVSEe7A7ipgQ==",
			"cpu": [
				"arm64"
			],
			"dev": true,
			"optional": true,
			"os": [
				"linux"
			]
		},
		"node_modules/@rollup/rollup-linux-riscv64-gnu": {
			"version": "4.12.0",
			"resolved": "https://registry.npmjs.org/@rollup/rollup-linux-riscv64-gnu/-/rollup-linux-riscv64-gnu-4.12.0.tgz",
			"integrity": "sha512-ix+qAB9qmrCRiaO71VFfY8rkiAZJL8zQRXveS27HS+pKdjwUfEhqo2+YF2oI+H/22Xsiski+qqwIBxVewLK7sw==",
			"cpu": [
				"riscv64"
			],
			"dev": true,
			"optional": true,
			"os": [
				"linux"
			]
		},
		"node_modules/@rollup/rollup-linux-x64-gnu": {
			"version": "4.12.0",
			"resolved": "https://registry.npmjs.org/@rollup/rollup-linux-x64-gnu/-/rollup-linux-x64-gnu-4.12.0.tgz",
			"integrity": "sha512-TenQhZVOtw/3qKOPa7d+QgkeM6xY0LtwzR8OplmyL5LrgTWIXpTQg2Q2ycBf8jm+SFW2Wt/DTn1gf7nFp3ssVA==",
			"cpu": [
				"x64"
			],
			"dev": true,
			"optional": true,
			"os": [
				"linux"
			]
		},
		"node_modules/@rollup/rollup-linux-x64-musl": {
			"version": "4.12.0",
			"resolved": "https://registry.npmjs.org/@rollup/rollup-linux-x64-musl/-/rollup-linux-x64-musl-4.12.0.tgz",
			"integrity": "sha512-LfFdRhNnW0zdMvdCb5FNuWlls2WbbSridJvxOvYWgSBOYZtgBfW9UGNJG//rwMqTX1xQE9BAodvMH9tAusKDUw==",
			"cpu": [
				"x64"
			],
			"dev": true,
			"optional": true,
			"os": [
				"linux"
			]
		},
		"node_modules/@rollup/rollup-win32-arm64-msvc": {
			"version": "4.12.0",
			"resolved": "https://registry.npmjs.org/@rollup/rollup-win32-arm64-msvc/-/rollup-win32-arm64-msvc-4.12.0.tgz",
			"integrity": "sha512-JPDxovheWNp6d7AHCgsUlkuCKvtu3RB55iNEkaQcf0ttsDU/JZF+iQnYcQJSk/7PtT4mjjVG8N1kpwnI9SLYaw==",
			"cpu": [
				"arm64"
			],
			"dev": true,
			"optional": true,
			"os": [
				"win32"
			]
		},
		"node_modules/@rollup/rollup-win32-ia32-msvc": {
			"version": "4.12.0",
			"resolved": "https://registry.npmjs.org/@rollup/rollup-win32-ia32-msvc/-/rollup-win32-ia32-msvc-4.12.0.tgz",
			"integrity": "sha512-fjtuvMWRGJn1oZacG8IPnzIV6GF2/XG+h71FKn76OYFqySXInJtseAqdprVTDTyqPxQOG9Exak5/E9Z3+EJ8ZA==",
			"cpu": [
				"ia32"
			],
			"dev": true,
			"optional": true,
			"os": [
				"win32"
			]
		},
		"node_modules/@rollup/rollup-win32-x64-msvc": {
			"version": "4.12.0",
			"resolved": "https://registry.npmjs.org/@rollup/rollup-win32-x64-msvc/-/rollup-win32-x64-msvc-4.12.0.tgz",
			"integrity": "sha512-ZYmr5mS2wd4Dew/JjT0Fqi2NPB/ZhZ2VvPp7SmvPZb4Y1CG/LRcS6tcRo2cYU7zLK5A7cdbhWnnWmUjoI4qapg==",
			"cpu": [
				"x64"
			],
			"dev": true,
			"optional": true,
			"os": [
				"win32"
			]
		},
		"node_modules/@swc/core": {
			"version": "1.4.2",
			"resolved": "https://registry.npmjs.org/@swc/core/-/core-1.4.2.tgz",
			"integrity": "sha512-vWgY07R/eqj1/a0vsRKLI9o9klGZfpLNOVEnrv4nrccxBgYPjcf22IWwAoaBJ+wpA7Q4fVjCUM8lP0m01dpxcg==",
			"dev": true,
			"hasInstallScript": true,
			"dependencies": {
				"@swc/counter": "^0.1.2",
				"@swc/types": "^0.1.5"
			},
			"engines": {
				"node": ">=10"
			},
			"funding": {
				"type": "opencollective",
				"url": "https://opencollective.com/swc"
			},
			"optionalDependencies": {
				"@swc/core-darwin-arm64": "1.4.2",
				"@swc/core-darwin-x64": "1.4.2",
				"@swc/core-linux-arm-gnueabihf": "1.4.2",
				"@swc/core-linux-arm64-gnu": "1.4.2",
				"@swc/core-linux-arm64-musl": "1.4.2",
				"@swc/core-linux-x64-gnu": "1.4.2",
				"@swc/core-linux-x64-musl": "1.4.2",
				"@swc/core-win32-arm64-msvc": "1.4.2",
				"@swc/core-win32-ia32-msvc": "1.4.2",
				"@swc/core-win32-x64-msvc": "1.4.2"
			},
			"peerDependencies": {
				"@swc/helpers": "^0.5.0"
			},
			"peerDependenciesMeta": {
				"@swc/helpers": {
					"optional": true
				}
			}
		},
		"node_modules/@swc/core-darwin-arm64": {
			"version": "1.4.2",
			"resolved": "https://registry.npmjs.org/@swc/core-darwin-arm64/-/core-darwin-arm64-1.4.2.tgz",
			"integrity": "sha512-1uSdAn1MRK5C1m/TvLZ2RDvr0zLvochgrZ2xL+lRzugLlCTlSA+Q4TWtrZaOz+vnnFVliCpw7c7qu0JouhgQIw==",
			"cpu": [
				"arm64"
			],
			"dev": true,
			"optional": true,
			"os": [
				"darwin"
			],
			"engines": {
				"node": ">=10"
			}
		},
		"node_modules/@swc/core-darwin-x64": {
			"version": "1.4.2",
			"resolved": "https://registry.npmjs.org/@swc/core-darwin-x64/-/core-darwin-x64-1.4.2.tgz",
			"integrity": "sha512-TYD28+dCQKeuxxcy7gLJUCFLqrwDZnHtC2z7cdeGfZpbI2mbfppfTf2wUPzqZk3gEC96zHd4Yr37V3Tvzar+lQ==",
			"cpu": [
				"x64"
			],
			"dev": true,
			"optional": true,
			"os": [
				"darwin"
			],
			"engines": {
				"node": ">=10"
			}
		},
		"node_modules/@swc/core-linux-arm-gnueabihf": {
			"version": "1.4.2",
			"resolved": "https://registry.npmjs.org/@swc/core-linux-arm-gnueabihf/-/core-linux-arm-gnueabihf-1.4.2.tgz",
			"integrity": "sha512-Eyqipf7ZPGj0vplKHo8JUOoU1un2sg5PjJMpEesX0k+6HKE2T8pdyeyXODN0YTFqzndSa/J43EEPXm+rHAsLFQ==",
			"cpu": [
				"arm"
			],
			"dev": true,
			"optional": true,
			"os": [
				"linux"
			],
			"engines": {
				"node": ">=10"
			}
		},
		"node_modules/@swc/core-linux-arm64-gnu": {
			"version": "1.4.2",
			"resolved": "https://registry.npmjs.org/@swc/core-linux-arm64-gnu/-/core-linux-arm64-gnu-1.4.2.tgz",
			"integrity": "sha512-wZn02DH8VYPv3FC0ub4my52Rttsus/rFw+UUfzdb3tHMHXB66LqN+rR0ssIOZrH6K+VLN6qpTw9VizjyoH0BxA==",
			"cpu": [
				"arm64"
			],
			"dev": true,
			"optional": true,
			"os": [
				"linux"
			],
			"engines": {
				"node": ">=10"
			}
		},
		"node_modules/@swc/core-linux-arm64-musl": {
			"version": "1.4.2",
			"resolved": "https://registry.npmjs.org/@swc/core-linux-arm64-musl/-/core-linux-arm64-musl-1.4.2.tgz",
			"integrity": "sha512-3G0D5z9hUj9bXNcwmA1eGiFTwe5rWkuL3DsoviTj73TKLpk7u64ND0XjEfO0huVv4vVu9H1jodrKb7nvln/dlw==",
			"cpu": [
				"arm64"
			],
			"dev": true,
			"optional": true,
			"os": [
				"linux"
			],
			"engines": {
				"node": ">=10"
			}
		},
		"node_modules/@swc/core-linux-x64-gnu": {
			"version": "1.4.2",
			"resolved": "https://registry.npmjs.org/@swc/core-linux-x64-gnu/-/core-linux-x64-gnu-1.4.2.tgz",
			"integrity": "sha512-LFxn9U8cjmYHw3jrdPNqPAkBGglKE3tCZ8rA7hYyp0BFxuo7L2ZcEnPm4RFpmSCCsExFH+LEJWuMGgWERoktvg==",
			"cpu": [
				"x64"
			],
			"dev": true,
			"optional": true,
			"os": [
				"linux"
			],
			"engines": {
				"node": ">=10"
			}
		},
		"node_modules/@swc/core-linux-x64-musl": {
			"version": "1.4.2",
			"resolved": "https://registry.npmjs.org/@swc/core-linux-x64-musl/-/core-linux-x64-musl-1.4.2.tgz",
			"integrity": "sha512-dp0fAmreeVVYTUcb4u9njTPrYzKnbIH0EhH2qvC9GOYNNREUu2GezSIDgonjOXkHiTCvopG4xU7y56XtXj4VrQ==",
			"cpu": [
				"x64"
			],
			"dev": true,
			"optional": true,
			"os": [
				"linux"
			],
			"engines": {
				"node": ">=10"
			}
		},
		"node_modules/@swc/core-win32-arm64-msvc": {
			"version": "1.4.2",
			"resolved": "https://registry.npmjs.org/@swc/core-win32-arm64-msvc/-/core-win32-arm64-msvc-1.4.2.tgz",
			"integrity": "sha512-HlVIiLMQkzthAdqMslQhDkoXJ5+AOLUSTV6fm6shFKZKqc/9cJvr4S8UveNERL9zUficA36yM3bbfo36McwnvQ==",
			"cpu": [
				"arm64"
			],
			"dev": true,
			"optional": true,
			"os": [
				"win32"
			],
			"engines": {
				"node": ">=10"
			}
		},
		"node_modules/@swc/core-win32-ia32-msvc": {
			"version": "1.4.2",
			"resolved": "https://registry.npmjs.org/@swc/core-win32-ia32-msvc/-/core-win32-ia32-msvc-1.4.2.tgz",
			"integrity": "sha512-WCF8faPGjCl4oIgugkp+kL9nl3nUATlzKXCEGFowMEmVVCFM0GsqlmGdPp1pjZoWc9tpYanoXQDnp5IvlDSLhA==",
			"cpu": [
				"ia32"
			],
			"dev": true,
			"optional": true,
			"os": [
				"win32"
			],
			"engines": {
				"node": ">=10"
			}
		},
		"node_modules/@swc/core-win32-x64-msvc": {
			"version": "1.4.2",
			"resolved": "https://registry.npmjs.org/@swc/core-win32-x64-msvc/-/core-win32-x64-msvc-1.4.2.tgz",
			"integrity": "sha512-oV71rwiSpA5xre2C5570BhCsg1HF97SNLsZ/12xv7zayGzqr3yvFALFJN8tHKpqUdCB4FGPjoP3JFdV3i+1wUw==",
			"cpu": [
				"x64"
			],
			"dev": true,
			"optional": true,
			"os": [
				"win32"
			],
			"engines": {
				"node": ">=10"
			}
		},
		"node_modules/@swc/counter": {
			"version": "0.1.3",
			"resolved": "https://registry.npmjs.org/@swc/counter/-/counter-0.1.3.tgz",
			"integrity": "sha512-e2BR4lsJkkRlKZ/qCHPw9ZaSxc0MVUd7gtbtaB7aMvHeJVYe8sOB8DBZkP2DtISHGSku9sCK6T6cnY0CtXrOCQ==",
			"dev": true
		},
		"node_modules/@swc/types": {
			"version": "0.1.5",
			"resolved": "https://registry.npmjs.org/@swc/types/-/types-0.1.5.tgz",
			"integrity": "sha512-myfUej5naTBWnqOCc/MdVOLVjXUXtIA+NpDrDBKJtLLg2shUjBu3cZmB/85RyitKc55+lUUyl7oRfLOvkr2hsw==",
			"dev": true
		},
		"node_modules/@types/estree": {
			"version": "1.0.5",
			"resolved": "https://registry.npmjs.org/@types/estree/-/estree-1.0.5.tgz",
			"integrity": "sha512-/kYRxGDLWzHOB7q+wtSUQlFrtcdUccpfy+X+9iMBpHK8QLLhx2wIPYuS5DYtR9Wa/YlZAbIovy7qVdB1Aq6Lyw==",
			"dev": true
		},
		"node_modules/@types/node": {
			"version": "20.11.24",
			"resolved": "https://registry.npmjs.org/@types/node/-/node-20.11.24.tgz",
			"integrity": "sha512-Kza43ewS3xoLgCEpQrsT+xRo/EJej1y0kVYGiLFE1NEODXGzTfwiC6tXTLMQskn1X4/Rjlh0MQUvx9W+L9long==",
			"dev": true,
			"dependencies": {
				"undici-types": "~5.26.4"
			}
		},
		"node_modules/@types/prop-types": {
			"version": "15.7.11",
			"resolved": "https://registry.npmjs.org/@types/prop-types/-/prop-types-15.7.11.tgz",
			"integrity": "sha512-ga8y9v9uyeiLdpKddhxYQkxNDrfvuPrlFb0N1qnZZByvcElJaXthF1UhvCh9TLWJBEHeNtdnbysW7Y6Uq8CVng==",
			"dev": true
		},
		"node_modules/@types/react": {
			"version": "18.2.61",
			"resolved": "https://registry.npmjs.org/@types/react/-/react-18.2.61.tgz",
			"integrity": "sha512-NURTN0qNnJa7O/k4XUkEW2yfygA+NxS0V5h1+kp9jPwhzZy95q3ADoGMP0+JypMhrZBTTgjKAUlTctde1zzeQA==",
			"dev": true,
			"dependencies": {
				"@types/prop-types": "*",
				"@types/scheduler": "*",
				"csstype": "^3.0.2"
			}
		},
		"node_modules/@types/resolve": {
			"version": "1.20.2",
			"resolved": "https://registry.npmjs.org/@types/resolve/-/resolve-1.20.2.tgz",
			"integrity": "sha512-60BCwRFOZCQhDncwQdxxeOEEkbc5dIMccYLwbxsS4TUNeVECQ/pBJ0j09mrHOl/JJvpRPGwO9SvE4nR2Nb/a4Q==",
			"dev": true
		},
		"node_modules/@types/scheduler": {
			"version": "0.16.8",
			"resolved": "https://registry.npmjs.org/@types/scheduler/-/scheduler-0.16.8.tgz",
			"integrity": "sha512-WZLiwShhwLRmeV6zH+GkbOFT6Z6VklCItrDioxUnv+u4Ll+8vKeFySoFyK/0ctcRpOmwAicELfmys1sDc/Rw+A==",
			"dev": true
		},
		"node_modules/builtin-modules": {
			"version": "3.3.0",
			"resolved": "https://registry.npmjs.org/builtin-modules/-/builtin-modules-3.3.0.tgz",
			"integrity": "sha512-zhaCDicdLuWN5UbN5IMnFqNMhNfo919sH85y2/ea+5Yg9TsTkeZxpL+JLbp6cgYFS4sRLp3YV4S6yDuqVWHYOw==",
			"dev": true,
			"engines": {
				"node": ">=6"
			},
			"funding": {
				"url": "https://github.com/sponsors/sindresorhus"
			}
		},
		"node_modules/csstype": {
			"version": "3.1.3",
			"resolved": "https://registry.npmjs.org/csstype/-/csstype-3.1.3.tgz",
			"integrity": "sha512-M1uQkMl8rQK/szD0LNhtqxIPLpimGm8sOBwU7lLnCpSbTyY3yeU1Vc7l4KT5zT4s/yOxHH5O7tIuuLOCnLADRw==",
			"dev": true
		},
		"node_modules/deepmerge": {
			"version": "4.3.1",
			"resolved": "https://registry.npmjs.org/deepmerge/-/deepmerge-4.3.1.tgz",
			"integrity": "sha512-3sUqbMEc77XqpdNO7FRyRog+eW3ph+GYCbj+rK+uYyRMuwsVy0rMiVtPn+QJlKFvWP/1PYpapqYn0Me2knFn+A==",
			"dev": true,
			"engines": {
				"node": ">=0.10.0"
			}
		},
		"node_modules/enmity": {
			"version": "1.2.4",
			"resolved": "https://registry.npmjs.org/enmity/-/enmity-1.2.4.tgz",
			"integrity": "sha512-21/peNNildUiEsYqhI9If3RnskzPUhqp2BFLazfeO2+qN1nCsbl/SK5MGh6TQfWswgv9fM1p/yVh+BK2jpBGiw=="
		},
		"node_modules/estree-walker": {
			"version": "2.0.2",
			"resolved": "https://registry.npmjs.org/estree-walker/-/estree-walker-2.0.2.tgz",
			"integrity": "sha512-Rfkk/Mp/DL7JVje3u18FxFujQlTNR2q6QfMSMB7AvCBx91NGj/ba3kCfza0f6dVDbw7YlRf/nDrn7pQrCCyQ/w==",
			"dev": true
		},
		"node_modules/fsevents": {
			"version": "2.3.3",
			"resolved": "https://registry.npmjs.org/fsevents/-/fsevents-2.3.3.tgz",
			"integrity": "sha512-5xoDfX+fL7faATnagmWPpbFtwh/R77WmMMqqHGS65C3vvB0YHrgF+B1YmZ3441tMj5n63k0212XNoJwzlhffQw==",
			"dev": true,
			"hasInstallScript": true,
			"optional": true,
			"os": [
				"darwin"
			],
			"engines": {
				"node": "^8.16.0 || ^10.6.0 || >=11.0.0"
			}
		},
		"node_modules/function-bind": {
			"version": "1.1.2",
			"resolved": "https://registry.npmjs.org/function-bind/-/function-bind-1.1.2.tgz",
			"integrity": "sha512-7XHNxH7qX9xG5mIwxkhumTox/MIRNcOgDrxWsMt2pAr23WHp6MrRlN7FBSFpCpr+oVO0F744iUgR82nJMfG2SA==",
			"dev": true,
			"funding": {
				"url": "https://github.com/sponsors/ljharb"
			}
		},
		"node_modules/get-tsconfig": {
			"version": "4.7.2",
			"resolved": "https://registry.npmjs.org/get-tsconfig/-/get-tsconfig-4.7.2.tgz",
			"integrity": "sha512-wuMsz4leaj5hbGgg4IvDU0bqJagpftG5l5cXIAvo8uZrqn0NJqwtfupTN00VnkQJPcIRrxYrm1Ue24btpCha2A==",
			"dev": true,
			"dependencies": {
				"resolve-pkg-maps": "^1.0.0"
			},
			"funding": {
				"url": "https://github.com/privatenumber/get-tsconfig?sponsor=1"
			}
		},
		"node_modules/hasown": {
			"version": "2.0.1",
			"resolved": "https://registry.npmjs.org/hasown/-/hasown-2.0.1.tgz",
			"integrity": "sha512-1/th4MHjnwncwXsIW6QMzlvYL9kG5e/CpVvLRZe4XPa8TOUNbCELqmvhDmnkNsAjwaG4+I8gJJL0JBvTTLO9qA==",
			"dev": true,
			"dependencies": {
				"function-bind": "^1.1.2"
			},
			"engines": {
				"node": ">= 0.4"
			}
		},
		"node_modules/is-builtin-module": {
			"version": "3.2.1",
			"resolved": "https://registry.npmjs.org/is-builtin-module/-/is-builtin-module-3.2.1.tgz",
			"integrity": "sha512-BSLE3HnV2syZ0FK0iMA/yUGplUeMmNz4AW5fnTunbCIqZi4vG3WjJT9FHMy5D69xmAYBHXQhJdALdpwVxV501A==",
			"dev": true,
			"dependencies": {
				"builtin-modules": "^3.3.0"
			},
			"engines": {
				"node": ">=6"
			},
			"funding": {
				"url": "https://github.com/sponsors/sindresorhus"
			}
		},
		"node_modules/is-core-module": {
			"version": "2.13.1",
			"resolved": "https://registry.npmjs.org/is-core-module/-/is-core-module-2.13.1.tgz",
			"integrity": "sha512-hHrIjvZsftOsvKSn2TRYl63zvxsgE0K+0mYMoH6gD4omR5IWB2KynivBQczo3+wF1cCkjzvptnI9Q0sPU66ilw==",
			"dev": true,
			"dependencies": {
				"hasown": "^2.0.0"
			},
			"funding": {
				"url": "https://github.com/sponsors/ljharb"
			}
		},
		"node_modules/is-module": {
			"version": "1.0.0",
			"resolved": "https://registry.npmjs.org/is-module/-/is-module-1.0.0.tgz",
			"integrity": "sha512-51ypPSPCoTEIN9dy5Oy+h4pShgJmPCygKfyRCISBI+JoWT/2oJvK8QPxmwv7b/p239jXrm9M1mlQbyKJ5A152g==",
			"dev": true
		},
		"node_modules/js-tokens": {
			"version": "4.0.0",
			"resolved": "https://registry.npmjs.org/js-tokens/-/js-tokens-4.0.0.tgz",
			"integrity": "sha512-RdJUflcE3cUzKiMqQgsCu06FPu9UdIJO0beYbPhHN4k6apgJtifcoCtT9bcxOpYBtpD2kCM6Sbzg4CausW/PKQ=="
		},
		"node_modules/loose-envify": {
			"version": "1.4.0",
			"resolved": "https://registry.npmjs.org/loose-envify/-/loose-envify-1.4.0.tgz",
			"integrity": "sha512-lyuxPGr/Wfhrlem2CL/UcnUc1zcqKAImBDzukY7Y5F/yQiNdko6+fRLevlw1HgMySw7f611UIY408EtxRSoK3Q==",
			"dependencies": {
				"js-tokens": "^3.0.0 || ^4.0.0"
			},
			"bin": {
				"loose-envify": "cli.js"
			}
		},
		"node_modules/magic-string": {
			"version": "0.30.8",
			"resolved": "https://registry.npmjs.org/magic-string/-/magic-string-0.30.8.tgz",
			"integrity": "sha512-ISQTe55T2ao7XtlAStud6qwYPZjE4GK1S/BeVPus4jrq6JuOnQ00YKQC581RWhR122W7msZV263KzVeLoqidyQ==",
			"dev": true,
			"dependencies": {
				"@jridgewell/sourcemap-codec": "^1.4.15"
			},
			"engines": {
				"node": ">=12"
			}
		},
		"node_modules/path-parse": {
			"version": "1.0.7",
			"resolved": "https://registry.npmjs.org/path-parse/-/path-parse-1.0.7.tgz",
			"integrity": "sha512-LDJzPVEEEPR+y48z93A0Ed0yXb8pAByGWo/k5YYdYgpY2/2EsOsksJrq7lOHxryrVOn1ejG6oAp8ahvOIQD8sw==",
			"dev": true
		},
		"node_modules/picomatch": {
			"version": "2.3.1",
			"resolved": "https://registry.npmjs.org/picomatch/-/picomatch-2.3.1.tgz",
			"integrity": "sha512-JU3teHTNjmE2VCGFzuY8EXzCDVwEqB2a8fsIvwaStHhAWJEeVd1o1QD80CU6+ZdEXXSLbSsuLwJjkCBWqRQUVA==",
			"dev": true,
			"engines": {
				"node": ">=8.6"
			},
			"funding": {
				"url": "https://github.com/sponsors/jonschlinkert"
			}
		},
		"node_modules/react": {
			"version": "18.2.0",
			"resolved": "https://registry.npmjs.org/react/-/react-18.2.0.tgz",
			"integrity": "sha512-/3IjMdb2L9QbBdWiW5e3P2/npwMBaU9mHCSCUzNln0ZCYbcfTsGbTJrU/kGemdH2IWmB2ioZ+zkxtmq6g09fGQ==",
			"dependencies": {
				"loose-envify": "^1.1.0"
			},
			"engines": {
				"node": ">=0.10.0"
			}
		},
		"node_modules/resolve": {
			"version": "1.22.8",
			"resolved": "https://registry.npmjs.org/resolve/-/resolve-1.22.8.tgz",
			"integrity": "sha512-oKWePCxqpd6FlLvGV1VU0x7bkPmmCNolxzjMf4NczoDnQcIWrAF+cPtZn5i6n+RfD2d9i0tzpKnG6Yk168yIyw==",
			"dev": true,
			"dependencies": {
				"is-core-module": "^2.13.0",
				"path-parse": "^1.0.7",
				"supports-preserve-symlinks-flag": "^1.0.0"
			},
			"bin": {
				"resolve": "bin/resolve"
			},
			"funding": {
				"url": "https://github.com/sponsors/ljharb"
			}
		},
		"node_modules/resolve-pkg-maps": {
			"version": "1.0.0",
			"resolved": "https://registry.npmjs.org/resolve-pkg-maps/-/resolve-pkg-maps-1.0.0.tgz",
			"integrity": "sha512-seS2Tj26TBVOC2NIc2rOe2y2ZO7efxITtLZcGSOnHHNOQ7CkiUBfw0Iw2ck6xkIhPwLhKNLS8BO+hEpngQlqzw==",
			"dev": true,
			"funding": {
				"url": "https://github.com/privatenumber/resolve-pkg-maps?sponsor=1"
			}
		},
		"node_modules/rollup": {
			"version": "4.12.0",
			"resolved": "https://registry.npmjs.org/rollup/-/rollup-4.12.0.tgz",
			"integrity": "sha512-wz66wn4t1OHIJw3+XU7mJJQV/2NAfw5OAk6G6Hoo3zcvz/XOfQ52Vgi+AN4Uxoxi0KBBwk2g8zPrTDA4btSB/Q==",
			"dev": true,
			"dependencies": {
				"@types/estree": "1.0.5"
			},
			"bin": {
				"rollup": "dist/bin/rollup"
			},
			"engines": {
				"node": ">=18.0.0",
				"npm": ">=8.0.0"
			},
			"optionalDependencies": {
				"@rollup/rollup-android-arm-eabi": "4.12.0",
				"@rollup/rollup-android-arm64": "4.12.0",
				"@rollup/rollup-darwin-arm64": "4.12.0",
				"@rollup/rollup-darwin-x64": "4.12.0",
				"@rollup/rollup-linux-arm-gnueabihf": "4.12.0",
				"@rollup/rollup-linux-arm64-gnu": "4.12.0",
				"@rollup/rollup-linux-arm64-musl": "4.12.0",
				"@rollup/rollup-linux-riscv64-gnu": "4.12.0",
				"@rollup/rollup-linux-x64-gnu": "4.12.0",
				"@rollup/rollup-linux-x64-musl": "4.12.0",
				"@rollup/rollup-win32-arm64-msvc": "4.12.0",
				"@rollup/rollup-win32-ia32-msvc": "4.12.0",
				"@rollup/rollup-win32-x64-msvc": "4.12.0",
				"fsevents": "~2.3.2"
			}
		},
		"node_modules/rollup-plugin-swc3": {
			"version": "0.11.0",
			"resolved": "https://registry.npmjs.org/rollup-plugin-swc3/-/rollup-plugin-swc3-0.11.0.tgz",
			"integrity": "sha512-luB9Ngb1YieWPpJttKvkmjN3lG5l28SmASLbf2CoScUB2+EImU0bE8wX4EYKEqv5clVulhWRQHQvE+H33X/03g==",
			"dev": true,
			"dependencies": {
				"@fastify/deepmerge": "^1.3.0",
				"@rollup/pluginutils": "^5.1.0",
				"get-tsconfig": "^4.7.2",
				"rollup-preserve-directives": "^1.0.0"
			},
			"engines": {
				"node": ">=12"
			},
			"peerDependencies": {
				"@swc/core": ">=1.2.165",
				"rollup": "^2.0.0 || ^3.0.0 || ^4.0.0"
			}
		},
		"node_modules/rollup-plugin-typescript-paths": {
			"version": "1.5.0",
			"resolved": "https://registry.npmjs.org/rollup-plugin-typescript-paths/-/rollup-plugin-typescript-paths-1.5.0.tgz",
			"integrity": "sha512-zly2aiGNjYJNq5YUi6eyGrQnCYUQ8b5czOtHZIGriwG9U3Ba2F9hlSklafXCdsNulK/IlNmE0Kzj0h+fVV32pA==",
			"dev": true,
			"peerDependencies": {
				"typescript": ">=3.4"
			}
		},
		"node_modules/rollup-preserve-directives": {
			"version": "1.1.1",
			"resolved": "https://registry.npmjs.org/rollup-preserve-directives/-/rollup-preserve-directives-1.1.1.tgz",
			"integrity": "sha512-+eQafbuEfDPfxQ9hQPlwaROfin4yiVRxap8hnrvvvcSGoukv1tTiYpAW9mvm3uR8J+fe4xd8FdVd5rz9q7jZ+Q==",
			"dev": true,
			"dependencies": {
				"magic-string": "^0.30.5"
			},
			"peerDependencies": {
				"rollup": "^2.0.0 || ^3.0.0 || ^4.0.0"
			}
		},
		"node_modules/supports-preserve-symlinks-flag": {
			"version": "1.0.0",
			"resolved": "https://registry.npmjs.org/supports-preserve-symlinks-flag/-/supports-preserve-symlinks-flag-1.0.0.tgz",
			"integrity": "sha512-ot0WnXS9fgdkgIcePe6RHNk1WA8+muPa6cSjeR3V8K27q9BB1rTE3R1p7Hv0z1ZyAc8s6Vvv8DIyWf681MAt0w==",
			"dev": true,
			"engines": {
				"node": ">= 0.4"
			},
			"funding": {
				"url": "https://github.com/sponsors/ljharb"
			}
		},
		"node_modules/typescript": {
			"version": "5.3.3",
			"resolved": "https://registry.npmjs.org/typescript/-/typescript-5.3.3.tgz",
			"integrity": "sha512-pXWcraxM0uxAS+tN0AG/BF2TyqmHO014Z070UsJ+pFvYuRSq8KH8DmWpnbXe0pEPDHXZV3FcAbJkijJ5oNEnWw==",
			"dev": true,
			"bin": {
				"tsc": "bin/tsc",
				"tsserver": "bin/tsserver"
			},
			"engines": {
				"node": ">=14.17"
			}
		},
		"node_modules/undici-types": {
			"version": "5.26.5",
			"resolved": "https://registry.npmjs.org/undici-types/-/undici-types-5.26.5.tgz",
			"integrity": "sha512-JlCMO+ehdEIKqlFxk6IfVoAUVmgz7cU7zD/h9XZ0qzeosSHmUJVOzSQvvYSYWXkFXC+IfLKSIffhv0sVZup6pA==",
			"dev": true
		}
	},
	"dependencies": {
		"@fastify/deepmerge": {
			"version": "1.3.0",
			"resolved": "https://registry.npmjs.org/@fastify/deepmerge/-/deepmerge-1.3.0.tgz",
			"integrity": "sha512-J8TOSBq3SoZbDhM9+R/u77hP93gz/rajSA+K2kGyijPpORPWUXHUpTaleoj+92As0S9uPRP7Oi8IqMf0u+ro6A==",
			"dev": true
		},
		"@jridgewell/sourcemap-codec": {
			"version": "1.4.15",
			"resolved": "https://registry.npmjs.org/@jridgewell/sourcemap-codec/-/sourcemap-codec-1.4.15.tgz",
			"integrity": "sha512-eF2rxCRulEKXHTRiDrDy6erMYWqNw4LPdQ8UQA4huuxaQsVeRPFl2oM8oDGxMFhJUWZf9McpLtJasDDZb/Bpeg==",
			"dev": true
		},
		"@rollup/plugin-node-resolve": {
			"version": "15.2.3",
			"resolved": "https://registry.npmjs.org/@rollup/plugin-node-resolve/-/plugin-node-resolve-15.2.3.tgz",
			"integrity": "sha512-j/lym8nf5E21LwBT4Df1VD6hRO2L2iwUeUmP7litikRsVp1H6NWx20NEp0Y7su+7XGc476GnXXc4kFeZNGmaSQ==",
			"dev": true,
			"requires": {
				"@rollup/pluginutils": "^5.0.1",
				"@types/resolve": "1.20.2",
				"deepmerge": "^4.2.2",
				"is-builtin-module": "^3.2.1",
				"is-module": "^1.0.0",
				"resolve": "^1.22.1"
			}
		},
		"@rollup/plugin-replace": {
			"version": "5.0.5",
			"resolved": "https://registry.npmjs.org/@rollup/plugin-replace/-/plugin-replace-5.0.5.tgz",
			"integrity": "sha512-rYO4fOi8lMaTg/z5Jb+hKnrHHVn8j2lwkqwyS4kTRhKyWOLf2wST2sWXr4WzWiTcoHTp2sTjqUbqIj2E39slKQ==",
			"dev": true,
			"requires": {
				"@rollup/pluginutils": "^5.0.1",
				"magic-string": "^0.30.3"
			}
		},
		"@rollup/pluginutils": {
			"version": "5.1.0",
			"resolved": "https://registry.npmjs.org/@rollup/pluginutils/-/pluginutils-5.1.0.tgz",
			"integrity": "sha512-XTIWOPPcpvyKI6L1NHo0lFlCyznUEyPmPY1mc3KpPVDYulHSTvyeLNVW00QTLIAFNhR3kYnJTQHeGqU4M3n09g==",
			"dev": true,
			"requires": {
				"@types/estree": "^1.0.0",
				"estree-walker": "^2.0.2",
				"picomatch": "^2.3.1"
			}
		},
		"@rollup/rollup-android-arm-eabi": {
			"version": "4.12.0",
			"resolved": "https://registry.npmjs.org/@rollup/rollup-android-arm-eabi/-/rollup-android-arm-eabi-4.12.0.tgz",
			"integrity": "sha512-+ac02NL/2TCKRrJu2wffk1kZ+RyqxVUlbjSagNgPm94frxtr+XDL12E5Ll1enWskLrtrZ2r8L3wED1orIibV/w==",
			"dev": true,
			"optional": true
		},
		"@rollup/rollup-android-arm64": {
			"version": "4.12.0",
			"resolved": "https://registry.npmjs.org/@rollup/rollup-android-arm64/-/rollup-android-arm64-4.12.0.tgz",
			"integrity": "sha512-OBqcX2BMe6nvjQ0Nyp7cC90cnumt8PXmO7Dp3gfAju/6YwG0Tj74z1vKrfRz7qAv23nBcYM8BCbhrsWqO7PzQQ==",
			"dev": true,
			"optional": true
		},
		"@rollup/rollup-darwin-arm64": {
			"version": "4.12.0",
			"resolved": "https://registry.npmjs.org/@rollup/rollup-darwin-arm64/-/rollup-darwin-arm64-4.12.0.tgz",
			"integrity": "sha512-X64tZd8dRE/QTrBIEs63kaOBG0b5GVEd3ccoLtyf6IdXtHdh8h+I56C2yC3PtC9Ucnv0CpNFJLqKFVgCYe0lOQ==",
			"dev": true,
			"optional": true
		},
		"@rollup/rollup-darwin-x64": {
			"version": "4.12.0",
			"resolved": "https://registry.npmjs.org/@rollup/rollup-darwin-x64/-/rollup-darwin-x64-4.12.0.tgz",
			"integrity": "sha512-cc71KUZoVbUJmGP2cOuiZ9HSOP14AzBAThn3OU+9LcA1+IUqswJyR1cAJj3Mg55HbjZP6OLAIscbQsQLrpgTOg==",
			"dev": true,
			"optional": true
		},
		"@rollup/rollup-linux-arm-gnueabihf": {
			"version": "4.12.0",
			"resolved": "https://registry.npmjs.org/@rollup/rollup-linux-arm-gnueabihf/-/rollup-linux-arm-gnueabihf-4.12.0.tgz",
			"integrity": "sha512-a6w/Y3hyyO6GlpKL2xJ4IOh/7d+APaqLYdMf86xnczU3nurFTaVN9s9jOXQg97BE4nYm/7Ga51rjec5nfRdrvA==",
			"dev": true,
			"optional": true
		},
		"@rollup/rollup-linux-arm64-gnu": {
			"version": "4.12.0",
			"resolved": "https://registry.npmjs.org/@rollup/rollup-linux-arm64-gnu/-/rollup-linux-arm64-gnu-4.12.0.tgz",
			"integrity": "sha512-0fZBq27b+D7Ar5CQMofVN8sggOVhEtzFUwOwPppQt0k+VR+7UHMZZY4y+64WJ06XOhBTKXtQB/Sv0NwQMXyNAA==",
			"dev": true,
			"optional": true
		},
		"@rollup/rollup-linux-arm64-musl": {
			"version": "4.12.0",
			"resolved": "https://registry.npmjs.org/@rollup/rollup-linux-arm64-musl/-/rollup-linux-arm64-musl-4.12.0.tgz",
			"integrity": "sha512-eTvzUS3hhhlgeAv6bfigekzWZjaEX9xP9HhxB0Dvrdbkk5w/b+1Sxct2ZuDxNJKzsRStSq1EaEkVSEe7A7ipgQ==",
			"dev": true,
			"optional": true
		},
		"@rollup/rollup-linux-riscv64-gnu": {
			"version": "4.12.0",
			"resolved": "https://registry.npmjs.org/@rollup/rollup-linux-riscv64-gnu/-/rollup-linux-riscv64-gnu-4.12.0.tgz",
			"integrity": "sha512-ix+qAB9qmrCRiaO71VFfY8rkiAZJL8zQRXveS27HS+pKdjwUfEhqo2+YF2oI+H/22Xsiski+qqwIBxVewLK7sw==",
			"dev": true,
			"optional": true
		},
		"@rollup/rollup-linux-x64-gnu": {
			"version": "4.12.0",
			"resolved": "https://registry.npmjs.org/@rollup/rollup-linux-x64-gnu/-/rollup-linux-x64-gnu-4.12.0.tgz",
			"integrity": "sha512-TenQhZVOtw/3qKOPa7d+QgkeM6xY0LtwzR8OplmyL5LrgTWIXpTQg2Q2ycBf8jm+SFW2Wt/DTn1gf7nFp3ssVA==",
			"dev": true,
			"optional": true
		},
		"@rollup/rollup-linux-x64-musl": {
			"version": "4.12.0",
			"resolved": "https://registry.npmjs.org/@rollup/rollup-linux-x64-musl/-/rollup-linux-x64-musl-4.12.0.tgz",
			"integrity": "sha512-LfFdRhNnW0zdMvdCb5FNuWlls2WbbSridJvxOvYWgSBOYZtgBfW9UGNJG//rwMqTX1xQE9BAodvMH9tAusKDUw==",
			"dev": true,
			"optional": true
		},
		"@rollup/rollup-win32-arm64-msvc": {
			"version": "4.12.0",
			"resolved": "https://registry.npmjs.org/@rollup/rollup-win32-arm64-msvc/-/rollup-win32-arm64-msvc-4.12.0.tgz",
			"integrity": "sha512-JPDxovheWNp6d7AHCgsUlkuCKvtu3RB55iNEkaQcf0ttsDU/JZF+iQnYcQJSk/7PtT4mjjVG8N1kpwnI9SLYaw==",
			"dev": true,
			"optional": true
		},
		"@rollup/rollup-win32-ia32-msvc": {
			"version": "4.12.0",
			"resolved": "https://registry.npmjs.org/@rollup/rollup-win32-ia32-msvc/-/rollup-win32-ia32-msvc-4.12.0.tgz",
			"integrity": "sha512-fjtuvMWRGJn1oZacG8IPnzIV6GF2/XG+h71FKn76OYFqySXInJtseAqdprVTDTyqPxQOG9Exak5/E9Z3+EJ8ZA==",
			"dev": true,
			"optional": true
		},
		"@rollup/rollup-win32-x64-msvc": {
			"version": "4.12.0",
			"resolved": "https://registry.npmjs.org/@rollup/rollup-win32-x64-msvc/-/rollup-win32-x64-msvc-4.12.0.tgz",
			"integrity": "sha512-ZYmr5mS2wd4Dew/JjT0Fqi2NPB/ZhZ2VvPp7SmvPZb4Y1CG/LRcS6tcRo2cYU7zLK5A7cdbhWnnWmUjoI4qapg==",
			"dev": true,
			"optional": true
		},
		"@swc/core": {
			"version": "1.4.2",
			"resolved": "https://registry.npmjs.org/@swc/core/-/core-1.4.2.tgz",
			"integrity": "sha512-vWgY07R/eqj1/a0vsRKLI9o9klGZfpLNOVEnrv4nrccxBgYPjcf22IWwAoaBJ+wpA7Q4fVjCUM8lP0m01dpxcg==",
			"dev": true,
			"requires": {
				"@swc/core-darwin-arm64": "1.4.2",
				"@swc/core-darwin-x64": "1.4.2",
				"@swc/core-linux-arm-gnueabihf": "1.4.2",
				"@swc/core-linux-arm64-gnu": "1.4.2",
				"@swc/core-linux-arm64-musl": "1.4.2",
				"@swc/core-linux-x64-gnu": "1.4.2",
				"@swc/core-linux-x64-musl": "1.4.2",
				"@swc/core-win32-arm64-msvc": "1.4.2",
				"@swc/core-win32-ia32-msvc": "1.4.2",
				"@swc/core-win32-x64-msvc": "1.4.2",
				"@swc/counter": "^0.1.2",
				"@swc/types": "^0.1.5"
			}
		},
		"@swc/core-darwin-arm64": {
			"version": "1.4.2",
			"resolved": "https://registry.npmjs.org/@swc/core-darwin-arm64/-/core-darwin-arm64-1.4.2.tgz",
			"integrity": "sha512-1uSdAn1MRK5C1m/TvLZ2RDvr0zLvochgrZ2xL+lRzugLlCTlSA+Q4TWtrZaOz+vnnFVliCpw7c7qu0JouhgQIw==",
			"dev": true,
			"optional": true
		},
		"@swc/core-darwin-x64": {
			"version": "1.4.2",
			"resolved": "https://registry.npmjs.org/@swc/core-darwin-x64/-/core-darwin-x64-1.4.2.tgz",
			"integrity": "sha512-TYD28+dCQKeuxxcy7gLJUCFLqrwDZnHtC2z7cdeGfZpbI2mbfppfTf2wUPzqZk3gEC96zHd4Yr37V3Tvzar+lQ==",
			"dev": true,
			"optional": true
		},
		"@swc/core-linux-arm-gnueabihf": {
			"version": "1.4.2",
			"resolved": "https://registry.npmjs.org/@swc/core-linux-arm-gnueabihf/-/core-linux-arm-gnueabihf-1.4.2.tgz",
			"integrity": "sha512-Eyqipf7ZPGj0vplKHo8JUOoU1un2sg5PjJMpEesX0k+6HKE2T8pdyeyXODN0YTFqzndSa/J43EEPXm+rHAsLFQ==",
			"dev": true,
			"optional": true
		},
		"@swc/core-linux-arm64-gnu": {
			"version": "1.4.2",
			"resolved": "https://registry.npmjs.org/@swc/core-linux-arm64-gnu/-/core-linux-arm64-gnu-1.4.2.tgz",
			"integrity": "sha512-wZn02DH8VYPv3FC0ub4my52Rttsus/rFw+UUfzdb3tHMHXB66LqN+rR0ssIOZrH6K+VLN6qpTw9VizjyoH0BxA==",
			"dev": true,
			"optional": true
		},
		"@swc/core-linux-arm64-musl": {
			"version": "1.4.2",
			"resolved": "https://registry.npmjs.org/@swc/core-linux-arm64-musl/-/core-linux-arm64-musl-1.4.2.tgz",
			"integrity": "sha512-3G0D5z9hUj9bXNcwmA1eGiFTwe5rWkuL3DsoviTj73TKLpk7u64ND0XjEfO0huVv4vVu9H1jodrKb7nvln/dlw==",
			"dev": true,
			"optional": true
		},
		"@swc/core-linux-x64-gnu": {
			"version": "1.4.2",
			"resolved": "https://registry.npmjs.org/@swc/core-linux-x64-gnu/-/core-linux-x64-gnu-1.4.2.tgz",
			"integrity": "sha512-LFxn9U8cjmYHw3jrdPNqPAkBGglKE3tCZ8rA7hYyp0BFxuo7L2ZcEnPm4RFpmSCCsExFH+LEJWuMGgWERoktvg==",
			"dev": true,
			"optional": true
		},
		"@swc/core-linux-x64-musl": {
			"version": "1.4.2",
			"resolved": "https://registry.npmjs.org/@swc/core-linux-x64-musl/-/core-linux-x64-musl-1.4.2.tgz",
			"integrity": "sha512-dp0fAmreeVVYTUcb4u9njTPrYzKnbIH0EhH2qvC9GOYNNREUu2GezSIDgonjOXkHiTCvopG4xU7y56XtXj4VrQ==",
			"dev": true,
			"optional": true
		},
		"@swc/core-win32-arm64-msvc": {
			"version": "1.4.2",
			"resolved": "https://registry.npmjs.org/@swc/core-win32-arm64-msvc/-/core-win32-arm64-msvc-1.4.2.tgz",
			"integrity": "sha512-HlVIiLMQkzthAdqMslQhDkoXJ5+AOLUSTV6fm6shFKZKqc/9cJvr4S8UveNERL9zUficA36yM3bbfo36McwnvQ==",
			"dev": true,
			"optional": true
		},
		"@swc/core-win32-ia32-msvc": {
			"version": "1.4.2",
			"resolved": "https://registry.npmjs.org/@swc/core-win32-ia32-msvc/-/core-win32-ia32-msvc-1.4.2.tgz",
			"integrity": "sha512-WCF8faPGjCl4oIgugkp+kL9nl3nUATlzKXCEGFowMEmVVCFM0GsqlmGdPp1pjZoWc9tpYanoXQDnp5IvlDSLhA==",
			"dev": true,
			"optional": true
		},
		"@swc/core-win32-x64-msvc": {
			"version": "1.4.2",
			"resolved": "https://registry.npmjs.org/@swc/core-win32-x64-msvc/-/core-win32-x64-msvc-1.4.2.tgz",
			"integrity": "sha512-oV71rwiSpA5xre2C5570BhCsg1HF97SNLsZ/12xv7zayGzqr3yvFALFJN8tHKpqUdCB4FGPjoP3JFdV3i+1wUw==",
			"dev": true,
			"optional": true
		},
		"@swc/counter": {
			"version": "0.1.3",
			"resolved": "https://registry.npmjs.org/@swc/counter/-/counter-0.1.3.tgz",
			"integrity": "sha512-e2BR4lsJkkRlKZ/qCHPw9ZaSxc0MVUd7gtbtaB7aMvHeJVYe8sOB8DBZkP2DtISHGSku9sCK6T6cnY0CtXrOCQ==",
			"dev": true
		},
		"@swc/types": {
			"version": "0.1.5",
			"resolved": "https://registry.npmjs.org/@swc/types/-/types-0.1.5.tgz",
			"integrity": "sha512-myfUej5naTBWnqOCc/MdVOLVjXUXtIA+NpDrDBKJtLLg2shUjBu3cZmB/85RyitKc55+lUUyl7oRfLOvkr2hsw==",
			"dev": true
		},
		"@types/estree": {
			"version": "1.0.5",
			"resolved": "https://registry.npmjs.org/@types/estree/-/estree-1.0.5.tgz",
			"integrity": "sha512-/kYRxGDLWzHOB7q+wtSUQlFrtcdUccpfy+X+9iMBpHK8QLLhx2wIPYuS5DYtR9Wa/YlZAbIovy7qVdB1Aq6Lyw==",
			"dev": true
		},
		"@types/node": {
			"version": "20.11.24",
			"resolved": "https://registry.npmjs.org/@types/node/-/node-20.11.24.tgz",
			"integrity": "sha512-Kza43ewS3xoLgCEpQrsT+xRo/EJej1y0kVYGiLFE1NEODXGzTfwiC6tXTLMQskn1X4/Rjlh0MQUvx9W+L9long==",
			"dev": true,
			"requires": {
				"undici-types": "~5.26.4"
			}
		},
		"@types/prop-types": {
			"version": "15.7.11",
			"resolved": "https://registry.npmjs.org/@types/prop-types/-/prop-types-15.7.11.tgz",
			"integrity": "sha512-ga8y9v9uyeiLdpKddhxYQkxNDrfvuPrlFb0N1qnZZByvcElJaXthF1UhvCh9TLWJBEHeNtdnbysW7Y6Uq8CVng==",
			"dev": true
		},
		"@types/react": {
			"version": "18.2.61",
			"resolved": "https://registry.npmjs.org/@types/react/-/react-18.2.61.tgz",
			"integrity": "sha512-NURTN0qNnJa7O/k4XUkEW2yfygA+NxS0V5h1+kp9jPwhzZy95q3ADoGMP0+JypMhrZBTTgjKAUlTctde1zzeQA==",
			"dev": true,
			"requires": {
				"@types/prop-types": "*",
				"@types/scheduler": "*",
				"csstype": "^3.0.2"
			}
		},
		"@types/resolve": {
			"version": "1.20.2",
			"resolved": "https://registry.npmjs.org/@types/resolve/-/resolve-1.20.2.tgz",
			"integrity": "sha512-60BCwRFOZCQhDncwQdxxeOEEkbc5dIMccYLwbxsS4TUNeVECQ/pBJ0j09mrHOl/JJvpRPGwO9SvE4nR2Nb/a4Q==",
			"dev": true
		},
		"@types/scheduler": {
			"version": "0.16.8",
			"resolved": "https://registry.npmjs.org/@types/scheduler/-/scheduler-0.16.8.tgz",
			"integrity": "sha512-WZLiwShhwLRmeV6zH+GkbOFT6Z6VklCItrDioxUnv+u4Ll+8vKeFySoFyK/0ctcRpOmwAicELfmys1sDc/Rw+A==",
			"dev": true
		},
		"builtin-modules": {
			"version": "3.3.0",
			"resolved": "https://registry.npmjs.org/builtin-modules/-/builtin-modules-3.3.0.tgz",
			"integrity": "sha512-zhaCDicdLuWN5UbN5IMnFqNMhNfo919sH85y2/ea+5Yg9TsTkeZxpL+JLbp6cgYFS4sRLp3YV4S6yDuqVWHYOw==",
			"dev": true
		},
		"csstype": {
			"version": "3.1.3",
			"resolved": "https://registry.npmjs.org/csstype/-/csstype-3.1.3.tgz",
			"integrity": "sha512-M1uQkMl8rQK/szD0LNhtqxIPLpimGm8sOBwU7lLnCpSbTyY3yeU1Vc7l4KT5zT4s/yOxHH5O7tIuuLOCnLADRw==",
			"dev": true
		},
		"deepmerge": {
			"version": "4.3.1",
			"resolved": "https://registry.npmjs.org/deepmerge/-/deepmerge-4.3.1.tgz",
			"integrity": "sha512-3sUqbMEc77XqpdNO7FRyRog+eW3ph+GYCbj+rK+uYyRMuwsVy0rMiVtPn+QJlKFvWP/1PYpapqYn0Me2knFn+A==",
			"dev": true
		},
		"enmity": {
			"version": "1.2.4",
			"resolved": "https://registry.npmjs.org/enmity/-/enmity-1.2.4.tgz",
			"integrity": "sha512-21/peNNildUiEsYqhI9If3RnskzPUhqp2BFLazfeO2+qN1nCsbl/SK5MGh6TQfWswgv9fM1p/yVh+BK2jpBGiw=="
		},
		"estree-walker": {
			"version": "2.0.2",
			"resolved": "https://registry.npmjs.org/estree-walker/-/estree-walker-2.0.2.tgz",
			"integrity": "sha512-Rfkk/Mp/DL7JVje3u18FxFujQlTNR2q6QfMSMB7AvCBx91NGj/ba3kCfza0f6dVDbw7YlRf/nDrn7pQrCCyQ/w==",
			"dev": true
		},
		"fsevents": {
			"version": "2.3.3",
			"resolved": "https://registry.npmjs.org/fsevents/-/fsevents-2.3.3.tgz",
			"integrity": "sha512-5xoDfX+fL7faATnagmWPpbFtwh/R77WmMMqqHGS65C3vvB0YHrgF+B1YmZ3441tMj5n63k0212XNoJwzlhffQw==",
			"dev": true,
			"optional": true
		},
		"function-bind": {
			"version": "1.1.2",
			"resolved": "https://registry.npmjs.org/function-bind/-/function-bind-1.1.2.tgz",
			"integrity": "sha512-7XHNxH7qX9xG5mIwxkhumTox/MIRNcOgDrxWsMt2pAr23WHp6MrRlN7FBSFpCpr+oVO0F744iUgR82nJMfG2SA==",
			"dev": true
		},
		"get-tsconfig": {
			"version": "4.7.2",
			"resolved": "https://registry.npmjs.org/get-tsconfig/-/get-tsconfig-4.7.2.tgz",
			"integrity": "sha512-wuMsz4leaj5hbGgg4IvDU0bqJagpftG5l5cXIAvo8uZrqn0NJqwtfupTN00VnkQJPcIRrxYrm1Ue24btpCha2A==",
			"dev": true,
			"requires": {
				"resolve-pkg-maps": "^1.0.0"
			}
		},
		"hasown": {
			"version": "2.0.1",
			"resolved": "https://registry.npmjs.org/hasown/-/hasown-2.0.1.tgz",
			"integrity": "sha512-1/th4MHjnwncwXsIW6QMzlvYL9kG5e/CpVvLRZe4XPa8TOUNbCELqmvhDmnkNsAjwaG4+I8gJJL0JBvTTLO9qA==",
			"dev": true,
			"requires": {
				"function-bind": "^1.1.2"
			}
		},
		"is-builtin-module": {
			"version": "3.2.1",
			"resolved": "https://registry.npmjs.org/is-builtin-module/-/is-builtin-module-3.2.1.tgz",
			"integrity": "sha512-BSLE3HnV2syZ0FK0iMA/yUGplUeMmNz4AW5fnTunbCIqZi4vG3WjJT9FHMy5D69xmAYBHXQhJdALdpwVxV501A==",
			"dev": true,
			"requires": {
				"builtin-modules": "^3.3.0"
			}
		},
		"is-core-module": {
			"version": "2.13.1",
			"resolved": "https://registry.npmjs.org/is-core-module/-/is-core-module-2.13.1.tgz",
			"integrity": "sha512-hHrIjvZsftOsvKSn2TRYl63zvxsgE0K+0mYMoH6gD4omR5IWB2KynivBQczo3+wF1cCkjzvptnI9Q0sPU66ilw==",
			"dev": true,
			"requires": {
				"hasown": "^2.0.0"
			}
		},
		"is-module": {
			"version": "1.0.0",
			"resolved": "https://registry.npmjs.org/is-module/-/is-module-1.0.0.tgz",
			"integrity": "sha512-51ypPSPCoTEIN9dy5Oy+h4pShgJmPCygKfyRCISBI+JoWT/2oJvK8QPxmwv7b/p239jXrm9M1mlQbyKJ5A152g==",
			"dev": true
		},
		"js-tokens": {
			"version": "4.0.0",
			"resolved": "https://registry.npmjs.org/js-tokens/-/js-tokens-4.0.0.tgz",
			"integrity": "sha512-RdJUflcE3cUzKiMqQgsCu06FPu9UdIJO0beYbPhHN4k6apgJtifcoCtT9bcxOpYBtpD2kCM6Sbzg4CausW/PKQ=="
		},
		"loose-envify": {
			"version": "1.4.0",
			"resolved": "https://registry.npmjs.org/loose-envify/-/loose-envify-1.4.0.tgz",
			"integrity": "sha512-lyuxPGr/Wfhrlem2CL/UcnUc1zcqKAImBDzukY7Y5F/yQiNdko6+fRLevlw1HgMySw7f611UIY408EtxRSoK3Q==",
			"requires": {
				"js-tokens": "^3.0.0 || ^4.0.0"
			}
		},
		"magic-string": {
			"version": "0.30.8",
			"resolved": "https://registry.npmjs.org/magic-string/-/magic-string-0.30.8.tgz",
			"integrity": "sha512-ISQTe55T2ao7XtlAStud6qwYPZjE4GK1S/BeVPus4jrq6JuOnQ00YKQC581RWhR122W7msZV263KzVeLoqidyQ==",
			"dev": true,
			"requires": {
				"@jridgewell/sourcemap-codec": "^1.4.15"
			}
		},
		"path-parse": {
			"version": "1.0.7",
			"resolved": "https://registry.npmjs.org/path-parse/-/path-parse-1.0.7.tgz",
			"integrity": "sha512-LDJzPVEEEPR+y48z93A0Ed0yXb8pAByGWo/k5YYdYgpY2/2EsOsksJrq7lOHxryrVOn1ejG6oAp8ahvOIQD8sw==",
			"dev": true
		},
		"picomatch": {
			"version": "2.3.1",
			"resolved": "https://registry.npmjs.org/picomatch/-/picomatch-2.3.1.tgz",
			"integrity": "sha512-JU3teHTNjmE2VCGFzuY8EXzCDVwEqB2a8fsIvwaStHhAWJEeVd1o1QD80CU6+ZdEXXSLbSsuLwJjkCBWqRQUVA==",
			"dev": true
		},
		"react": {
			"version": "18.2.0",
			"resolved": "https://registry.npmjs.org/react/-/react-18.2.0.tgz",
			"integrity": "sha512-/3IjMdb2L9QbBdWiW5e3P2/npwMBaU9mHCSCUzNln0ZCYbcfTsGbTJrU/kGemdH2IWmB2ioZ+zkxtmq6g09fGQ==",
			"requires": {
				"loose-envify": "^1.1.0"
			}
		},
		"resolve": {
			"version": "1.22.8",
			"resolved": "https://registry.npmjs.org/resolve/-/resolve-1.22.8.tgz",
			"integrity": "sha512-oKWePCxqpd6FlLvGV1VU0x7bkPmmCNolxzjMf4NczoDnQcIWrAF+cPtZn5i6n+RfD2d9i0tzpKnG6Yk168yIyw==",
			"dev": true,
			"requires": {
				"is-core-module": "^2.13.0",
				"path-parse": "^1.0.7",
				"supports-preserve-symlinks-flag": "^1.0.0"
			}
		},
		"resolve-pkg-maps": {
			"version": "1.0.0",
			"resolved": "https://registry.npmjs.org/resolve-pkg-maps/-/resolve-pkg-maps-1.0.0.tgz",
			"integrity": "sha512-seS2Tj26TBVOC2NIc2rOe2y2ZO7efxITtLZcGSOnHHNOQ7CkiUBfw0Iw2ck6xkIhPwLhKNLS8BO+hEpngQlqzw==",
			"dev": true
		},
		"rollup": {
			"version": "4.12.0",
			"resolved": "https://registry.npmjs.org/rollup/-/rollup-4.12.0.tgz",
			"integrity": "sha512-wz66wn4t1OHIJw3+XU7mJJQV/2NAfw5OAk6G6Hoo3zcvz/XOfQ52Vgi+AN4Uxoxi0KBBwk2g8zPrTDA4btSB/Q==",
			"dev": true,
			"requires": {
				"@rollup/rollup-android-arm-eabi": "4.12.0",
				"@rollup/rollup-android-arm64": "4.12.0",
				"@rollup/rollup-darwin-arm64": "4.12.0",
				"@rollup/rollup-darwin-x64": "4.12.0",
				"@rollup/rollup-linux-arm-gnueabihf": "4.12.0",
				"@rollup/rollup-linux-arm64-gnu": "4.12.0",
				"@rollup/rollup-linux-arm64-musl": "4.12.0",
				"@rollup/rollup-linux-riscv64-gnu": "4.12.0",
				"@rollup/rollup-linux-x64-gnu": "4.12.0",
				"@rollup/rollup-linux-x64-musl": "4.12.0",
				"@rollup/rollup-win32-arm64-msvc": "4.12.0",
				"@rollup/rollup-win32-ia32-msvc": "4.12.0",
				"@rollup/rollup-win32-x64-msvc": "4.12.0",
				"@types/estree": "1.0.5",
				"fsevents": "~2.3.2"
			}
		},
		"rollup-plugin-swc3": {
			"version": "0.11.0",
			"resolved": "https://registry.npmjs.org/rollup-plugin-swc3/-/rollup-plugin-swc3-0.11.0.tgz",
			"integrity": "sha512-luB9Ngb1YieWPpJttKvkmjN3lG5l28SmASLbf2CoScUB2+EImU0bE8wX4EYKEqv5clVulhWRQHQvE+H33X/03g==",
			"dev": true,
			"requires": {
				"@fastify/deepmerge": "^1.3.0",
				"@rollup/pluginutils": "^5.1.0",
				"get-tsconfig": "^4.7.2",
				"rollup-preserve-directives": "^1.0.0"
			}
		},
		"rollup-plugin-typescript-paths": {
			"version": "1.5.0",
			"resolved": "https://registry.npmjs.org/rollup-plugin-typescript-paths/-/rollup-plugin-typescript-paths-1.5.0.tgz",
			"integrity": "sha512-zly2aiGNjYJNq5YUi6eyGrQnCYUQ8b5czOtHZIGriwG9U3Ba2F9hlSklafXCdsNulK/IlNmE0Kzj0h+fVV32pA==",
			"dev": true,
			"requires": {}
		},
		"rollup-preserve-directives": {
			"version": "1.1.1",
			"resolved": "https://registry.npmjs.org/rollup-preserve-directives/-/rollup-preserve-directives-1.1.1.tgz",
			"integrity": "sha512-+eQafbuEfDPfxQ9hQPlwaROfin4yiVRxap8hnrvvvcSGoukv1tTiYpAW9mvm3uR8J+fe4xd8FdVd5rz9q7jZ+Q==",
			"dev": true,
			"requires": {
				"magic-string": "^0.30.5"
			}
		},
		"supports-preserve-symlinks-flag": {
			"version": "1.0.0",
			"resolved": "https://registry.npmjs.org/supports-preserve-symlinks-flag/-/supports-preserve-symlinks-flag-1.0.0.tgz",
			"integrity": "sha512-ot0WnXS9fgdkgIcePe6RHNk1WA8+muPa6cSjeR3V8K27q9BB1rTE3R1p7Hv0z1ZyAc8s6Vvv8DIyWf681MAt0w==",
			"dev": true
		},
		"typescript": {
			"version": "5.3.3",
			"resolved": "https://registry.npmjs.org/typescript/-/typescript-5.3.3.tgz",
			"integrity": "sha512-pXWcraxM0uxAS+tN0AG/BF2TyqmHO014Z070UsJ+pFvYuRSq8KH8DmWpnbXe0pEPDHXZV3FcAbJkijJ5oNEnWw==",
			"dev": true
		},
		"undici-types": {
			"version": "5.26.5",
			"resolved": "https://registry.npmjs.org/undici-types/-/undici-types-5.26.5.tgz",
			"integrity": "sha512-JlCMO+ehdEIKqlFxk6IfVoAUVmgz7cU7zD/h9XZ0qzeosSHmUJVOzSQvvYSYWXkFXC+IfLKSIffhv0sVZup6pA==",
			"dev": true
		}
	}
}
